
Microsoft Visual Studio Solution File, Format Version 12.00
# Visual Studio Version 17
VisualStudioVersion = 17.4.33205.214
MinimumVisualStudioVersion = 10.0.40219.1
Project("{FAE04EC0-301F-11D3-BF4B-00C04F79EFBC}") = "Exercise2", "Exercise2\Exercise2.csproj", "{9EC13F24-961F-462E-8F59-848795BBFDD9}"
EndProject
Global
	GlobalSection(SolutionConfigurationPlatforms) = preSolution
		Debug|Any CPU = Debug|Any CPU
		Release|Any CPU = Release|Any CPU
	EndGlobalSection
	GlobalSection(ProjectConfigurationPlatforms) = postSolution
		{9EC13F24-961F-462E-8F59-848795BBFDD9}.Debug|Any CPU.ActiveCfg = Debug|Any CPU
		{9EC13F24-961F-462E-8F59-848795BBFDD9}.Debug|Any CPU.Build.0 = Debug|Any CPU
		{9EC13F24-961F-462E-8F59-848795BBFDD9}.Release|Any CPU.ActiveCfg = Release|Any CPU
		{9EC13F24-961F-462E-8F59-848795BBFDD9}.Release|Any CPU.Build.0 = Release|Any CPU
	EndGlobalSection
	GlobalSection(SolutionProperties) = preSolution
		HideSolutionNode = FALSE
	EndGlobalSection
	GlobalSection(ExtensibilityGlobals) = postSolution
		SolutionGuid = {5F4A7EC6-193B-482C-847C-04D47D763E88}
	EndGlobalSection
EndGlobal
